
Microsoft Visual Studio Solution File, Format Version 12.00
# Visual Studio Version 16
VisualStudioVersion = 16.0.30804.86
MinimumVisualStudioVersion = 10.0.40219.1
Project("{9A19103F-16F7-4668-BE54-9A1E7A4F7556}") = "Kampintro", "Kampintro\Kampintro.csproj", "{D83A2C6E-EE78-4AC5-ABB9-E3D3E271C26D}"
EndProject
Project("{9A19103F-16F7-4668-BE54-9A1E7A4F7556}") = "Donguler", "Donguler\Donguler.csproj", "{8C5B7526-93CF-4129-8313-6BEA65FF0EC2}"
EndProject
Project("{9A19103F-16F7-4668-BE54-9A1E7A4F7556}") = "Classİntro", "Classİntro\Classİntro.csproj", "{63AAF15E-7AAF-494A-8FB4-AE3817538266}"
EndProject
Project("{9A19103F-16F7-4668-BE54-9A1E7A4F7556}") = "Metotlar", "Metotlar\Metotlar.csproj", "{93C444E3-C6EC-4C36-8B41-18758EE26920}"
EndProject
Project("{9A19103F-16F7-4668-BE54-9A1E7A4F7556}") = "Matematik", "Matematik\Matematik.csproj", "{52085AF3-3435-472D-86E1-80CD681760F6}"
EndProject
Project("{9A19103F-16F7-4668-BE54-9A1E7A4F7556}") = "DegerVeReferansTipler", "DegerVeReferansTipler\DegerVeReferansTipler.csproj", "{35F78CAF-9B01-4352-8F5B-C140CC3661D9}"
EndProject
Project("{9A19103F-16F7-4668-BE54-9A1E7A4F7556}") = "OOP1", "OOP1\OOP1.csproj", "{2E42072C-551C-413E-9EC9-0E0D24EBB9E6}"
EndProject
Project("{9A19103F-16F7-4668-BE54-9A1E7A4F7556}") = "Koleksiyonlar", "Koleksiyonlar\Koleksiyonlar.csproj", "{D8918A78-2462-4CC6-971A-63B34FEFCE61}"
EndProject
Project("{9A19103F-16F7-4668-BE54-9A1E7A4F7556}") = "Genericsİntro", "Genericsİntro\Genericsİntro.csproj", "{928A1A9D-D095-4AEB-8DE7-BA9225A0D689}"
EndProject
Project("{FAE04EC0-301F-11D3-BF4B-00C04F79EFBC}") = "OOP2", "OOP2\OOP2.csproj", "{A7D696C7-B9EC-455F-B4BA-B03466F51019}"
EndProject
Project("{FAE04EC0-301F-11D3-BF4B-00C04F79EFBC}") = "OOP3", "OOP3\OOP3.csproj", "{28483D89-FA83-42B2-A4B8-7705123A51CB}"
EndProject
Global
	GlobalSection(SolutionConfigurationPlatforms) = preSolution
		Debug|Any CPU = Debug|Any CPU
		Release|Any CPU = Release|Any CPU
	EndGlobalSection
	GlobalSection(ProjectConfigurationPlatforms) = postSolution
		{D83A2C6E-EE78-4AC5-ABB9-E3D3E271C26D}.Debug|Any CPU.ActiveCfg = Debug|Any CPU
		{D83A2C6E-EE78-4AC5-ABB9-E3D3E271C26D}.Debug|Any CPU.Build.0 = Debug|Any CPU
		{D83A2C6E-EE78-4AC5-ABB9-E3D3E271C26D}.Release|Any CPU.ActiveCfg = Release|Any CPU
		{D83A2C6E-EE78-4AC5-ABB9-E3D3E271C26D}.Release|Any CPU.Build.0 = Release|Any CPU
		{8C5B7526-93CF-4129-8313-6BEA65FF0EC2}.Debug|Any CPU.ActiveCfg = Debug|Any CPU
		{8C5B7526-93CF-4129-8313-6BEA65FF0EC2}.Debug|Any CPU.Build.0 = Debug|Any CPU
		{8C5B7526-93CF-4129-8313-6BEA65FF0EC2}.Release|Any CPU.ActiveCfg = Release|Any CPU
		{8C5B7526-93CF-4129-8313-6BEA65FF0EC2}.Release|Any CPU.Build.0 = Release|Any CPU
		{63AAF15E-7AAF-494A-8FB4-AE3817538266}.Debug|Any CPU.ActiveCfg = Debug|Any CPU
		{63AAF15E-7AAF-494A-8FB4-AE3817538266}.Debug|Any CPU.Build.0 = Debug|Any CPU
		{63AAF15E-7AAF-494A-8FB4-AE3817538266}.Release|Any CPU.ActiveCfg = Release|Any CPU
		{63AAF15E-7AAF-494A-8FB4-AE3817538266}.Release|Any CPU.Build.0 = Release|Any CPU
		{93C444E3-C6EC-4C36-8B41-18758EE26920}.Debug|Any CPU.ActiveCfg = Debug|Any CPU
		{93C444E3-C6EC-4C36-8B41-18758EE26920}.Debug|Any CPU.Build.0 = Debug|Any CPU
		{93C444E3-C6EC-4C36-8B41-18758EE26920}.Release|Any CPU.ActiveCfg = Release|Any CPU
		{93C444E3-C6EC-4C36-8B41-18758EE26920}.Release|Any CPU.Build.0 = Release|Any CPU
		{52085AF3-3435-472D-86E1-80CD681760F6}.Debug|Any CPU.ActiveCfg = Debug|Any CPU
		{52085AF3-3435-472D-86E1-80CD681760F6}.Debug|Any CPU.Build.0 = Debug|Any CPU
		{52085AF3-3435-472D-86E1-80CD681760F6}.Release|Any CPU.ActiveCfg = Release|Any CPU
		{52085AF3-3435-472D-86E1-80CD681760F6}.Release|Any CPU.Build.0 = Release|Any CPU
		{35F78CAF-9B01-4352-8F5B-C140CC3661D9}.Debug|Any CPU.ActiveCfg = Debug|Any CPU
		{35F78CAF-9B01-4352-8F5B-C140CC3661D9}.Debug|Any CPU.Build.0 = Debug|Any CPU
		{35F78CAF-9B01-4352-8F5B-C140CC3661D9}.Release|Any CPU.ActiveCfg = Release|Any CPU
		{35F78CAF-9B01-4352-8F5B-C140CC3661D9}.Release|Any CPU.Build.0 = Release|Any CPU
		{2E42072C-551C-413E-9EC9-0E0D24EBB9E6}.Debug|Any CPU.ActiveCfg = Debug|Any CPU
		{2E42072C-551C-413E-9EC9-0E0D24EBB9E6}.Debug|Any CPU.Build.0 = Debug|Any CPU
		{2E42072C-551C-413E-9EC9-0E0D24EBB9E6}.Release|Any CPU.ActiveCfg = Release|Any CPU
		{2E42072C-551C-413E-9EC9-0E0D24EBB9E6}.Release|Any CPU.Build.0 = Release|Any CPU
		{D8918A78-2462-4CC6-971A-63B34FEFCE61}.Debug|Any CPU.ActiveCfg = Debug|Any CPU
		{D8918A78-2462-4CC6-971A-63B34FEFCE61}.Debug|Any CPU.Build.0 = Debug|Any CPU
		{D8918A78-2462-4CC6-971A-63B34FEFCE61}.Release|Any CPU.ActiveCfg = Release|Any CPU
		{D8918A78-2462-4CC6-971A-63B34FEFCE61}.Release|Any CPU.Build.0 = Release|Any CPU
		{928A1A9D-D095-4AEB-8DE7-BA9225A0D689}.Debug|Any CPU.ActiveCfg = Debug|Any CPU
		{928A1A9D-D095-4AEB-8DE7-BA9225A0D689}.Debug|Any CPU.Build.0 = Debug|Any CPU
		{928A1A9D-D095-4AEB-8DE7-BA9225A0D689}.Release|Any CPU.ActiveCfg = Release|Any CPU
		{928A1A9D-D095-4AEB-8DE7-BA9225A0D689}.Release|Any CPU.Build.0 = Release|Any CPU
		{A7D696C7-B9EC-455F-B4BA-B03466F51019}.Debug|Any CPU.ActiveCfg = Debug|Any CPU
		{A7D696C7-B9EC-455F-B4BA-B03466F51019}.Debug|Any CPU.Build.0 = Debug|Any CPU
		{A7D696C7-B9EC-455F-B4BA-B03466F51019}.Release|Any CPU.ActiveCfg = Release|Any CPU
		{A7D696C7-B9EC-455F-B4BA-B03466F51019}.Release|Any CPU.Build.0 = Release|Any CPU
		{28483D89-FA83-42B2-A4B8-7705123A51CB}.Debug|Any CPU.ActiveCfg = Debug|Any CPU
		{28483D89-FA83-42B2-A4B8-7705123A51CB}.Debug|Any CPU.Build.0 = Debug|Any CPU
		{28483D89-FA83-42B2-A4B8-7705123A51CB}.Release|Any CPU.ActiveCfg = Release|Any CPU
		{28483D89-FA83-42B2-A4B8-7705123A51CB}.Release|Any CPU.Build.0 = Release|Any CPU
	EndGlobalSection
	GlobalSection(SolutionProperties) = preSolution
		HideSolutionNode = FALSE
	EndGlobalSection
	GlobalSection(ExtensibilityGlobals) = postSolution
		SolutionGuid = {5468D882-2244-4D07-BA50-0C6365FAB429}
	EndGlobalSection
EndGlobal
